
Microsoft Visual Studio Solution File, Format Version 12.00
# Visual Studio Version 16
VisualStudioVersion = 16.0.29324.140
MinimumVisualStudioVersion = 10.0.40219.1
Project("{FAE04EC0-301F-11D3-BF4B-00C04F79EFBC}") = "GAME", "GAME\GAME.csproj", "{CFC28B82-AF5B-459A-8E60-B034AA6FECC0}"
EndProject
Global
	GlobalSection(SolutionConfigurationPlatforms) = preSolution
		Debug|Any CPU = Debug|Any CPU
		Release|Any CPU = Release|Any CPU
	EndGlobalSection
	GlobalSection(ProjectConfigurationPlatforms) = postSolution
		{CFC28B82-AF5B-459A-8E60-B034AA6FECC0}.Debug|Any CPU.ActiveCfg = Debug|Any CPU
		{CFC28B82-AF5B-459A-8E60-B034AA6FECC0}.Debug|Any CPU.Build.0 = Debug|Any CPU
		{CFC28B82-AF5B-459A-8E60-B034AA6FECC0}.Release|Any CPU.ActiveCfg = Release|Any CPU
		{CFC28B82-AF5B-459A-8E60-B034AA6FECC0}.Release|Any CPU.Build.0 = Release|Any CPU
	EndGlobalSection
	GlobalSection(SolutionProperties) = preSolution
		HideSolutionNode = FALSE
	EndGlobalSection
	GlobalSection(ExtensibilityGlobals) = postSolution
		SolutionGuid = {A5673578-DB7D-47AD-A59A-77DBB429EB2F}
	EndGlobalSection
EndGlobal
